
Microsoft Visual Studio Solution File, Format Version 12.00
# Visual Studio Version 17
VisualStudioVersion = 17.5.33414.496
MinimumVisualStudioVersion = 10.0.40219.1
Project("{FAE04EC0-301F-11D3-BF4B-00C04F79EFBC}") = "AGV model", "AGV model\AGV model.csproj", "{65EACEE2-BA3C-4415-8461-612FEF7E351B}"
EndProject
Global
	GlobalSection(SolutionConfigurationPlatforms) = preSolution
		Debug|Any CPU = Debug|Any CPU
		Release|Any CPU = Release|Any CPU
	EndGlobalSection
	GlobalSection(ProjectConfigurationPlatforms) = postSolution
		{65EACEE2-BA3C-4415-8461-612FEF7E351B}.Debug|Any CPU.ActiveCfg = Debug|Any CPU
		{65EACEE2-BA3C-4415-8461-612FEF7E351B}.Debug|Any CPU.Build.0 = Debug|Any CPU
		{65EACEE2-BA3C-4415-8461-612FEF7E351B}.Release|Any CPU.ActiveCfg = Release|Any CPU
		{65EACEE2-BA3C-4415-8461-612FEF7E351B}.Release|Any CPU.Build.0 = Release|Any CPU
	EndGlobalSection
	GlobalSection(SolutionProperties) = preSolution
		HideSolutionNode = FALSE
	EndGlobalSection
	GlobalSection(ExtensibilityGlobals) = postSolution
		SolutionGuid = {F1EBCB53-046A-42AD-8BE2-1EFE2D483984}
	EndGlobalSection
EndGlobal
